<?xml version="1.0" encoding="utf-8"?>
<Project ToolsVersion="4.0" xmlns="http://schemas.microsoft.com/developer/msbuild/2003">
  <ItemGroup>
    <Filter Include="Source Files">
      <UniqueIdentifier>{4FC737F1-C7A5-4376-A066-2A32D752A2FF}</UniqueIdentifier>
      <Extensions>cpp;c;cc;cxx;def;odl;idl;hpj;bat;asm;asmx</Extensions>
    </Filter>
    <Filter Include="Header Files">
      <UniqueIdentifier>{93995380-89BD-4b04-88EB-625FBE52EBFB}</UniqueIdentifier>
      <Extensions>h;hh;hpp;hxx;hm;inl;inc;xsd</Extensions>
    </Filter>
    <Filter Include="Resource Files">
      <UniqueIdentifier>{67DA6AB6-F800-4c08-8B7A-83BB121AAD01}</UniqueIdentifier>
      <Extensions>rc;ico;cur;bmp;dlg;rc2;rct;bin;rgs;gif;jpg;jpeg;jpe;resx;tiff;tif;png;wav;mfcribbon-ms</Extensions>
    </Filter>
    <Filter Include="Resource Files\RESOURCE">
      <UniqueIdentifier>{8bddd499-6f26-4676-ad2c-7524db4f907b}</UniqueIdentifier>
    </Filter>
    <Filter Include="Resource Files\RESOURCE\RAP">
      <UniqueIdentifier>{aa4ab7d0-c9dd-4230-a0cd-bfe4e819dff1}</UniqueIdentifier>
    </Filter>
    <Filter Include="Resource Files\RESOURCE\EDM">
      <UniqueIdentifier>{f603fd85-0d08-433f-9626-1cf9ee4e834e}</UniqueIdentifier>
    </Filter>
    <Filter Include="Resource Files\RESOURCE\ROCK">
      <UniqueIdentifier>{3b78f5ad-d4fa-4c0f-b27e-ed93eb000d85}</UniqueIdentifier>
    </Filter>
    <Filter Include="Resource Files\RESOURCE\POP">
      <UniqueIdentifier>{7524d442-2639-4a5b-a92d-33c33048e6fd}</UniqueIdentifier>
    </Filter>
    <Filter Include="Resource Files\RESOURCE\JAZZ">
      <UniqueIdentifier>{fe90ca83-b04a-4a25-a54c-083a1039f611}</UniqueIdentifier>
    </Filter>
  </ItemGroup>
  <ItemGroup>
    <ClCompile Include="Source.cpp">
      <Filter>Source Files</Filter>
    </ClCompile>
  </ItemGroup>
  <ItemGroup>
    <ClInclude Include="Virtuso.h">
      <Filter>Header Files</Filter>
    </ClInclude>
    <ClInclude Include="resource.h">
      <Filter>Header Files</Filter>
    </ClInclude>
    <ClInclude Include="resource1.h">
      <Filter>Header Files</Filter>
    </ClInclude>
  </ItemGroup>
  <ItemGroup>
    <Text Include="RESOURCE\EDM.txt">
      <Filter>Resource Files\RESOURCE</Filter>
    </Text>
    <Text Include="RESOURCE\JAZZ.txt">
      <Filter>Resource Files\RESOURCE</Filter>
    </Text>
    <Text Include="RESOURCE\POP.txt">
      <Filter>Resource Files\RESOURCE</Filter>
    </Text>
    <Text Include="RESOURCE\RAP.txt">
      <Filter>Resource Files\RESOURCE</Filter>
    </Text>
    <Text Include="RESOURCE\ROCK.txt">
      <Filter>Resource Files\RESOURCE</Filter>
    </Text>
  </ItemGroup>
  <ItemGroup>
    <None Include="RESOURCE\stripes_1.cur">
      <Filter>Resource Files\RESOURCE</Filter>
    </None>
  </ItemGroup>
  <ItemGroup>
    <Image Include="RESOURCE\Hamster Dance.ico">
      <Filter>Resource Files\RESOURCE</Filter>
    </Image>
    <Image Include="RESOURCE\Music.ico">
      <Filter>Resource Files\RESOURCE</Filter>
    </Image>
    <Image Include="RESOURCE\NyanCat.ico">
      <Filter>Resource Files\RESOURCE</Filter>
    </Image>
    <Image Include="RESOURCE\Pedobear.ico">
      <Filter>Resource Files\RESOURCE</Filter>
    </Image>
  </ItemGroup>
  <ItemGroup>
    <Media Include="RESOURCE\JAZZ\Ain%27t_No_Mountain_High_Enough_-_Marvin_Gaye_&amp;_Tammi_Terrell1.mp3">
      <Filter>Resource Files\RESOURCE\JAZZ</Filter>
    </Media>
    <Media Include="RESOURCE\JAZZ\Bill_Withers_-_Ain%27t_No_Sunshine1.mp3">
      <Filter>Resource Files\RESOURCE\JAZZ</Filter>
    </Media>
    <Media Include="RESOURCE\JAZZ\Duke_Ellington_-_It_don%27t_mean_a_thing1.mp3">
      <Filter>Resource Files\RESOURCE\JAZZ</Filter>
    </Media>
    <Media Include="RESOURCE\JAZZ\Louis_&amp;_Ella_-_Dream_A_Little_Dream_Of_Me1.mp3">
      <Filter>Resource Files\RESOURCE\JAZZ</Filter>
    </Media>
    <Media Include="RESOURCE\JAZZ\Louis_Armstrong_-_What_a_wonderful_world1.mp3">
      <Filter>Resource Files\RESOURCE\JAZZ</Filter>
    </Media>
    <Media Include="RESOURCE\JAZZ\Ray_Charles_-_Georgia_On_My_Mind1.mp3">
      <Filter>Resource Files\RESOURCE\JAZZ</Filter>
    </Media>
    <Media Include="RESOURCE\JAZZ\The_Temptations_-_My_Girl1.mp3">
      <Filter>Resource Files\RESOURCE\JAZZ</Filter>
    </Media>
    <Media Include="RESOURCE\POP\I_Took_A_Pill_Ibiza_-_Mike_Posner1.mp3">
      <Filter>Resource Files\RESOURCE\POP</Filter>
    </Media>
    <Media Include="RESOURCE\POP\Pillowtalk_-_Zayn_Malik1.mp3">
      <Filter>Resource Files\RESOURCE\POP</Filter>
    </Media>
    <Media Include="RESOURCE\POP\Sorry_-_Justin_Bieber1.mp3">
      <Filter>Resource Files\RESOURCE\POP</Filter>
    </Media>
    <Media Include="RESOURCE\POP\Work_-_Rihanna_ft_Drake1.mp3">
      <Filter>Resource Files\RESOURCE\POP</Filter>
    </Media>
    <Media Include="RESOURCE\ROCK\Billy_Joel_-_Piano_Man1.mp3">
      <Filter>Resource Files\RESOURCE\ROCK</Filter>
    </Media>
    <Media Include="RESOURCE\ROCK\Hey_Jude_-_The_Beatles1.mp3">
      <Filter>Resource Files\RESOURCE\ROCK</Filter>
    </Media>
    <Media Include="RESOURCE\ROCK\I_Love_Rock_and_Roll_-_Joan_Jett_The_Blackherats1.mp3">
      <Filter>Resource Files\RESOURCE\ROCK</Filter>
    </Media>
    <Media Include="RESOURCE\ROCK\Lynyrd_Skynyrd_-_Sweet_Home_Alabama1.mp3">
      <Filter>Resource Files\RESOURCE\ROCK</Filter>
    </Media>
    <Media Include="RESOURCE\ROCK\Queen_-_Bohemian_Rhapsody1.mp3">
      <Filter>Resource Files\RESOURCE\ROCK</Filter>
    </Media>
    <Media Include="RESOURCE\ROCK\Queen_-_Bohemian_Rhapsody2.mp3">
      <Filter>Resource Files\RESOURCE\ROCK</Filter>
    </Media>
    <Media Include="RESOURCE\ROCK\Satisfaction_-_The_Rolling_Stones1.mp3">
      <Filter>Resource Files\RESOURCE\ROCK</Filter>
    </Media>
    <Media Include="RESOURCE\ROCK\Stairway_to_Heaven_-_Led_Zepplin1.mp3">
      <Filter>Resource Files\RESOURCE\ROCK</Filter>
    </Media>
    <Media Include="RESOURCE\ROCK\ZZ_Top_-_La_Grange1.mp3">
      <Filter>Resource Files\RESOURCE\ROCK</Filter>
    </Media>
    <Media Include="..\Release\RESOURCE\POP\Work_-_Rihanna_ft_Drake3.mp3">
      <Filter>Resource Files\RESOURCE\POP</Filter>
    </Media>
    <Media Include="..\Release\RESOURCE\POP\I_Took_A_Pill_Ibiza_-_Mike_Posner2.mp3">
      <Filter>Resource Files\RESOURCE\POP</Filter>
    </Media>
    <Media Include="..\Release\RESOURCE\POP\I_Took_A_Pill_Ibiza_-_Mike_Posner3.mp3">
      <Filter>Resource Files\RESOURCE\POP</Filter>
    </Media>
    <Media Include="..\Release\RESOURCE\POP\Pillowtalk_-_Zayn_Malik2.mp3">
      <Filter>Resource Files\RESOURCE\POP</Filter>
    </Media>
    <Media Include="..\Release\RESOURCE\POP\Pillowtalk_-_Zayn_Malik3.mp3">
      <Filter>Resource Files\RESOURCE\POP</Filter>
    </Media>
    <Media Include="..\Release\RESOURCE\POP\Sorry_-_Justin_Bieber2.mp3">
      <Filter>Resource Files\RESOURCE\POP</Filter>
    </Media>
    <Media Include="..\Release\RESOURCE\POP\Sorry_-_Justin_Bieber3.mp3">
      <Filter>Resource Files\RESOURCE\POP</Filter>
    </Media>
    <Media Include="..\Release\RESOURCE\POP\Work_-_Rihanna_ft_Drake2.mp3">
      <Filter>Resource Files\RESOURCE\POP</Filter>
    </Media>
    <Media Include="..\Release\RESOURCE\ROCK\Stairway_to_Heaven_-_Led_Zepplin3.mp3">
      <Filter>Resource Files\RESOURCE\ROCK</Filter>
    </Media>
    <Media Include="..\Release\RESOURCE\ROCK\Hey_Jude_-_The_Beatles2.mp3">
      <Filter>Resource Files\RESOURCE\ROCK</Filter>
    </Media>
    <Media Include="..\Release\RESOURCE\ROCK\Hey_Jude_-_The_Beatles3.mp3">
      <Filter>Resource Files\RESOURCE\ROCK</Filter>
    </Media>
    <Media Include="..\Release\RESOURCE\ROCK\I_Love_Rock_and_Roll_-_Joan_Jett_The_Blackherats2.mp3">
      <Filter>Resource Files\RESOURCE\ROCK</Filter>
    </Media>
    <Media Include="..\Release\RESOURCE\ROCK\I_Love_Rock_and_Roll_-_Joan_Jett_The_Blackherats3.mp3">
      <Filter>Resource Files\RESOURCE\ROCK</Filter>
    </Media>
    <Media Include="..\Release\RESOURCE\ROCK\Satisfaction_-_The_Rolling_Stones2.mp3">
      <Filter>Resource Files\RESOURCE\ROCK</Filter>
    </Media>
    <Media Include="..\Release\RESOURCE\ROCK\Satisfaction_-_The_Rolling_Stones3.mp3">
      <Filter>Resource Files\RESOURCE\ROCK</Filter>
    </Media>
    <Media Include="..\Release\RESOURCE\ROCK\Stairway_to_Heaven_-_Led_Zepplin2.mp3">
      <Filter>Resource Files\RESOURCE\ROCK</Filter>
    </Media>
    <Media Include="..\..\..\VIRTUSO\Work_From_Home_-_Fifth_Harmony1.mp3">
      <Filter>Resource Files\RESOURCE\POP</Filter>
    </Media>
    <Media Include="..\..\..\VIRTUSO\22_-_Taylor_Swift1.mp3">
      <Filter>Resource Files\RESOURCE\POP</Filter>
    </Media>
    <Media Include="..\..\..\VIRTUSO\Blank_Space_-_Taylor_Swift1.mp3">
      <Filter>Resource Files\RESOURCE\POP</Filter>
    </Media>
    <Media Include="..\..\..\VIRTUSO\Dark_Horse_-_Katy_Perry1.mp3">
      <Filter>Resource Files\RESOURCE\POP</Filter>
    </Media>
    <Media Include="..\..\..\VIRTUSO\Hands_To_Myself_-_Selena_Gomez1.mp3">
      <Filter>Resource Files\RESOURCE\POP</Filter>
    </Media>
    <Media Include="..\..\..\VIRTUSO\Shake_It_Off_-_Taylor_Swift1.mp3">
      <Filter>Resource Files\RESOURCE\POP</Filter>
    </Media>
    <Media Include="..\..\..\VIRTUSO\Shut_And_Dance_-_WALK_THE_MOON1.mp3">
      <Filter>Resource Files\RESOURCE\POP</Filter>
    </Media>
    <Media Include="..\..\..\VIRTUSO\Stiches_Shawn_-_Mendes1.mp3">
      <Filter>Resource Files\RESOURCE\POP</Filter>
    </Media>
    <Media Include="..\..\..\VIRTUSO\Stressed_Out_-_TwentyOne_Pilots1.mp3">
      <Filter>Resource Files\RESOURCE\POP</Filter>
    </Media>
    <Media Include="..\..\..\VIRTUSO\Style_-_Taylor_Swift1.mp3">
      <Filter>Resource Files\RESOURCE\POP</Filter>
    </Media>
    <Media Include="..\..\..\VIRTUSO\Uptown_Funk_-_Bruno_Marz1.mp3">
      <Filter>Resource Files\RESOURCE\POP</Filter>
    </Media>
    <Media Include="..\..\..\VIRTUSO\What_Do_You_Mean_-_Justin_Bieber1.mp3">
      <Filter>Resource Files\RESOURCE\POP</Filter>
    </Media>
    <Media Include="..\..\..\VIRTUSO\Love_Yourself_-_Justin_Bieber1.mp3">
      <Filter>Resource Files\RESOURCE\POP</Filter>
    </Media>
    <Media Include="..\..\..\..\Downloads\The_Girl_From_Ipanema_-_Astrud_Gilberto1.mp3">
      <Filter>Resource Files\RESOURCE\JAZZ</Filter>
    </Media>
    <Media Include="..\..\..\..\Downloads\Bye_Bye_Blackbird_-_Ella_Fitzgerald1.mp3">
      <Filter>Resource Files\RESOURCE\JAZZ</Filter>
    </Media>
    <Media Include="..\..\..\..\Downloads\Bye_Bye_Blackbird_-_Ella_Fitzgerald2.mp3">
      <Filter>Resource Files\RESOURCE\JAZZ</Filter>
    </Media>
    <Media Include="..\..\..\..\Downloads\Bye_Bye_Blackbird_-_Ella_Fitzgerald3.mp3">
      <Filter>Resource Files\RESOURCE\JAZZ</Filter>
    </Media>
    <Media Include="..\..\..\..\Downloads\Chattanooga_Choo_Choo_-_Glenn_Miller1.mp3">
      <Filter>Resource Files\RESOURCE\JAZZ</Filter>
    </Media>
    <Media Include="..\..\..\..\Downloads\Chattanooga_Choo_Choo_-_Glenn_Miller2.mp3">
      <Filter>Resource Files\RESOURCE\JAZZ</Filter>
    </Media>
    <Media Include="..\..\..\..\Downloads\Chattanooga_Choo_Choo_-_Glenn_Miller3.mp3">
      <Filter>Resource Files\RESOURCE\JAZZ</Filter>
    </Media>
    <Media Include="..\..\..\..\Downloads\It_Don%27t_Mean_A_Thing_-_Ella_Fitzgerald1.mp3">
      <Filter>Resource Files\RESOURCE\JAZZ</Filter>
    </Media>
    <Media Include="..\..\..\..\Downloads\My_Funny_Valentine_-_Ella_Fitzgerald1.mp3">
      <Filter>Resource Files\RESOURCE\JAZZ</Filter>
    </Media>
    <Media Include="..\..\..\..\Downloads\SING_SING_SING_Benny_Goodman1.mp3">
      <Filter>Resource Files\RESOURCE\JAZZ</Filter>
    </Media>
    <Media Include="..\Debug\RESOURCE\ROCK\ACDC_-_Back_In_Black1.mp3">
      <Filter>Resource Files\RESOURCE\ROCK</Filter>
    </Media>
    <Media Include="..\Debug\RESOURCE\ROCK\Barracuda-_Heart1.mp3">
      <Filter>Resource Files\RESOURCE\ROCK</Filter>
    </Media>
    <Media Include="..\Debug\RESOURCE\ROCK\Billy_Joel_-_Piano_Man1.mp3">
      <Filter>Resource Files\RESOURCE\ROCK</Filter>
    </Media>
    <Media Include="..\Debug\RESOURCE\ROCK\Deep_Purple_-_Smoke_on_the_Water1.mp3">
      <Filter>Resource Files\RESOURCE\ROCK</Filter>
    </Media>
    <Media Include="..\Debug\RESOURCE\ROCK\Gorillaz_-_Clint_Eastwood1.mp3">
      <Filter>Resource Files\RESOURCE\ROCK</Filter>
    </Media>
    <Media Include="..\Debug\RESOURCE\ROCK\Hey_Jude_-_The_Beatles1.mp3">
      <Filter>Resource Files\RESOURCE\ROCK</Filter>
    </Media>
    <Media Include="..\Debug\RESOURCE\ROCK\I_Love_Rock_and_Roll_-_Joan_Jett_The_Blackherats1.mp3">
      <Filter>Resource Files\RESOURCE\ROCK</Filter>
    </Media>
    <Media Include="..\Debug\RESOURCE\ROCK\Kashmir-Led_Zeppelin1.mp3">
      <Filter>Resource Files\RESOURCE\ROCK</Filter>
    </Media>
    <Media Include="..\Debug\RESOURCE\ROCK\Lynyrd_Skynyrd_-_Sweet_Home_Alabama1.mp3">
      <Filter>Resource Files\RESOURCE\ROCK</Filter>
    </Media>
    <Media Include="..\Debug\RESOURCE\ROCK\Pink_Floyd_-_Comfortably_Numb1.mp3">
      <Filter>Resource Files\RESOURCE\ROCK</Filter>
    </Media>
    <Media Include="..\Debug\RESOURCE\ROCK\Pink_Floyd_-_Wish_You_Were_Here1.mp3">
      <Filter>Resource Files\RESOURCE\ROCK</Filter>
    </Media>
    <Media Include="..\Debug\RESOURCE\ROCK\Queen_-_Bohemian_Rhapsody1.mp3">
      <Filter>Resource Files\RESOURCE\ROCK</Filter>
    </Media>
    <Media Include="..\Debug\RESOURCE\ROCK\Queen_-_Bohemian_Rhapsody2.mp3">
      <Filter>Resource Files\RESOURCE\ROCK</Filter>
    </Media>
    <Media Include="..\Debug\RESOURCE\ROCK\Satisfaction_-_The_Rolling_Stones1.mp3">
      <Filter>Resource Files\RESOURCE\ROCK</Filter>
    </Media>
    <Media Include="..\Debug\RESOURCE\ROCK\Stairway_to_Heaven_-_Led_Zepplin1.mp3">
      <Filter>Resource Files\RESOURCE\ROCK</Filter>
    </Media>
    <Media Include="..\Debug\RESOURCE\ROCK\The_Pretty_Reckless_-_Heaven_Knows1.mp3">
      <Filter>Resource Files\RESOURCE\ROCK</Filter>
    </Media>
    <Media Include="..\Debug\RESOURCE\ROCK\The_White_Stripes_-_Seven_Nation_Army1.mp3">
      <Filter>Resource Files\RESOURCE\ROCK</Filter>
    </Media>
    <Media Include="..\Debug\RESOURCE\ROCK\ZZ_Top_-_La_Grange1.mp3">
      <Filter>Resource Files\RESOURCE\ROCK</Filter>
    </Media>
    <Media Include="..\Debug\RESOURCE\RAP\679_-_Fetty_Wap1.mp3">
      <Filter>Resource Files\RESOURCE\RAP</Filter>
    </Media>
    <Media Include="..\Debug\RESOURCE\RAP\Airplanes_-_B.o.B1.mp3">
      <Filter>Resource Files\RESOURCE\RAP</Filter>
    </Media>
    <Media Include="..\Debug\RESOURCE\RAP\All_I_Do_Is_Win_-_DJ_Khaled1.mp3">
      <Filter>Resource Files\RESOURCE\RAP</Filter>
    </Media>
    <Media Include="..\Debug\RESOURCE\RAP\Ariana Grande - Let Me Love You1.mp3">
      <Filter>Resource Files\RESOURCE\RAP</Filter>
    </Media>
    <Media Include="..\Debug\RESOURCE\RAP\Bad Blood_-_Taylor_Swift1.mp3">
      <Filter>Resource Files\RESOURCE\RAP</Filter>
    </Media>
    <Media Include="..\Debug\RESOURCE\RAP\Empire_State_Of_Mind_-_Jay_Z1.mp3">
      <Filter>Resource Files\RESOURCE\RAP</Filter>
    </Media>
    <Media Include="..\Debug\RESOURCE\RAP\Jumpman_-_Drake1.mp3">
      <Filter>Resource Files\RESOURCE\RAP</Filter>
    </Media>
    <Media Include="..\Debug\RESOURCE\RAP\Jumpman_-_Drake2.mp3">
      <Filter>Resource Files\RESOURCE\RAP</Filter>
    </Media>
    <Media Include="..\Debug\RESOURCE\RAP\Lil Wayne &amp; Charlie Puth - Nothing But Trouble1.mp3">
      <Filter>Resource Files\RESOURCE\RAP</Filter>
    </Media>
    <Media Include="..\Debug\RESOURCE\RAP\Me,_Myself_&amp;_I_-_G-Eazy1.mp3">
      <Filter>Resource Files\RESOURCE\RAP</Filter>
    </Media>
    <Media Include="..\Debug\RESOURCE\RAP\Me,_Myself_&amp;_I_-_G-Eazy2.mp3">
      <Filter>Resource Files\RESOURCE\RAP</Filter>
    </Media>
    <Media Include="..\Debug\RESOURCE\RAP\Me,_Myself_&amp;_I_-_G-Eazy3.mp3">
      <Filter>Resource Files\RESOURCE\RAP</Filter>
    </Media>
    <Media Include="..\Debug\RESOURCE\RAP\Panda_-_Desiigner1.mp3">
      <Filter>Resource Files\RESOURCE\RAP</Filter>
    </Media>
    <Media Include="..\Debug\RESOURCE\RAP\Panda_-_Desiigner2.mp3">
      <Filter>Resource Files\RESOURCE\RAP</Filter>
    </Media>
    <Media Include="..\Debug\RESOURCE\RAP\Panda_-_Desiigner3.mp3">
      <Filter>Resource Files\RESOURCE\RAP</Filter>
    </Media>
    <Media Include="..\Debug\RESOURCE\RAP\Promise_-_Fetty_Wap1.mp3">
      <Filter>Resource Files\RESOURCE\RAP</Filter>
    </Media>
    <Media Include="..\Debug\RESOURCE\RAP\Promise_-_Fetty_Wap2.mp3">
      <Filter>Resource Files\RESOURCE\RAP</Filter>
    </Media>
    <Media Include="..\Debug\RESOURCE\RAP\Promise_-_Fetty_Wap3.mp3">
      <Filter>Resource Files\RESOURCE\RAP</Filter>
    </Media>
    <Media Include="..\Debug\RESOURCE\RAP\Stronger_-_Kanye_West1.mp3">
      <Filter>Resource Files\RESOURCE\RAP</Filter>
    </Media>
    <Media Include="..\Debug\RESOURCE\RAP\Team_-_Iggy_Azalea1.mp3">
      <Filter>Resource Files\RESOURCE\RAP</Filter>
    </Media>
    <Media Include="..\Debug\RESOURCE\RAP\The_Slim_Shady_-_Eminem1.mp3">
      <Filter>Resource Files\RESOURCE\RAP</Filter>
    </Media>
    <Media Include="..\Debug\RESOURCE\RAP\White_Iverson_-_Post_Malone1.mp3">
      <Filter>Resource Files\RESOURCE\RAP</Filter>
    </Media>
    <Media Include="..\Debug\RESOURCE\RAP\White_Iverson_-_Post_Malone2.mp3">
      <Filter>Resource Files\RESOURCE\RAP</Filter>
    </Media>
    <Media Include="..\Debug\RESOURCE\RAP\White_Iverson_-_Post_Malone3.mp3">
      <Filter>Resource Files\RESOURCE\RAP</Filter>
    </Media>
    <Media Include="..\Debug\RESOURCE\EDM\Roses_-_The_Chainsmokers1.mp3">
      <Filter>Resource Files\RESOURCE\EDM</Filter>
    </Media>
    <Media Include="..\Debug\RESOURCE\EDM\Scary_Monsters_&amp;_Nice_Sprites_-_SKRILLEX1.mp3">
      <Filter>Resource Files\RESOURCE\EDM</Filter>
    </Media>
    <Media Include="..\Debug\RESOURCE\EDM\Sugar_-_Robin_Schulz1.mp3">
      <Filter>Resource Files\RESOURCE\EDM</Filter>
    </Media>
    <Media Include="..\Debug\RESOURCE\EDM\Summer_-_Calvin_Harris1.mp3">
      <Filter>Resource Files\RESOURCE\EDM</Filter>
    </Media>
    <Media Include="..\Debug\RESOURCE\EDM\Don%27t_Let_Me_Down_-_The_Chainsmokers1.mp3">
      <Filter>Resource Files\RESOURCE\EDM</Filter>
    </Media>
    <Media Include="..\Debug\RESOURCE\EDM\Faded_-_Alan_Walker1.mp3">
      <Filter>Resource Files\RESOURCE\EDM</Filter>
    </Media>
    <Media Include="..\Debug\RESOURCE\EDM\Fast_Car_-_Tracy_Chapman1.mp3">
      <Filter>Resource Files\RESOURCE\EDM</Filter>
    </Media>
    <Media Include="..\Debug\RESOURCE\EDM\Firestone_-_Kygo1.mp3">
      <Filter>Resource Files\RESOURCE\EDM</Filter>
    </Media>
    <Media Include="..\Debug\RESOURCE\EDM\Lean_On_-_Major_Lazer_&amp;_DJ_Snake1.mp3">
      <Filter>Resource Files\RESOURCE\EDM</Filter>
    </Media>
    <Media Include="..\Debug\RESOURCE\EDM\Light_It_Up_-_Major_Lazer1.mp3">
      <Filter>Resource Files\RESOURCE\EDM</Filter>
    </Media>
    <Media Include="..\Debug\RESOURCE\EDM\Middle_-_DJ_Snake1.mp3">
      <Filter>Resource Files\RESOURCE\EDM</Filter>
    </Media>
    <Media Include="..\Debug\RESOURCE\EDM\Never_Forget_You_-_Zara Larsson_&amp;_MNEK.mp3">
      <Filter>Resource Files\RESOURCE\EDM</Filter>
    </Media>
    <Media Include="..\..\..\..\Downloads\And_So_It_Goes_-_Billy_Joel1.mp3">
      <Filter>Resource Files\RESOURCE\ROCK</Filter>
    </Media>
    <Media Include="..\..\..\..\Downloads\And_So_It_Goes_-_Billy_Joel2.mp3">
      <Filter>Resource Files\RESOURCE\ROCK</Filter>
    </Media>
    <Media Include="..\..\..\..\Downloads\And_So_It_Goes_-_Billy_Joel3.mp3">
      <Filter>Resource Files\RESOURCE\ROCK</Filter>
    </Media>
    <Media Include="..\..\..\..\Downloads\Barbara_Ann_-_Beach_Boys1.mp3">
      <Filter>Resource Files\RESOURCE\ROCK</Filter>
    </Media>
    <Media Include="..\..\..\..\Downloads\Born_to_be_Wild_-_Steppenwolf1.mp3">
      <Filter>Resource Files\RESOURCE\ROCK</Filter>
    </Media>
    <Media Include="..\..\..\..\Downloads\Born_to_be_Wild_-_Steppenwolf2.mp3">
      <Filter>Resource Files\RESOURCE\ROCK</Filter>
    </Media>
    <Media Include="..\..\..\..\Downloads\Born_to_be_Wild_-_Steppenwolf3.mp3">
      <Filter>Resource Files\RESOURCE\ROCK</Filter>
    </Media>
    <Media Include="..\..\..\..\Downloads\Centuries_-_Fall_Out_Boy1.mp3">
      <Filter>Resource Files\RESOURCE\ROCK</Filter>
    </Media>
    <Media Include="..\..\..\..\Downloads\Centuries_-_Fall_Out_Boy2.mp3">
      <Filter>Resource Files\RESOURCE\ROCK</Filter>
    </Media>
    <Media Include="..\..\..\..\Downloads\Centuries_-_Fall_Out_Boy3.mp3">
      <Filter>Resource Files\RESOURCE\ROCK</Filter>
    </Media>
    <Media Include="..\..\..\..\Downloads\Don%27t_Stop_Believin_-_Journey1.mp3">
      <Filter>Resource Files\RESOURCE\ROCK</Filter>
    </Media>
    <Media Include="..\..\..\..\Downloads\Don%27t_Stop_Believin_-_Journey2.mp3">
      <Filter>Resource Files\RESOURCE\ROCK</Filter>
    </Media>
    <Media Include="..\..\..\..\Downloads\Don%27t_Stop_Believin_-_Journey3.mp3">
      <Filter>Resource Files\RESOURCE\ROCK</Filter>
    </Media>
    <Media Include="..\..\..\..\Downloads\Ex%27s_&amp;_Oh%27s_-_Elle_King1.mp3">
      <Filter>Resource Files\RESOURCE\ROCK</Filter>
    </Media>
    <Media Include="..\..\..\..\Downloads\Ex%27s_&amp;_Oh%27s_-_Elle_King2.mp3">
      <Filter>Resource Files\RESOURCE\ROCK</Filter>
    </Media>
    <Media Include="..\..\..\..\Downloads\Free_Bird_-_Lynyrd_Skynyrd2.mp3">
      <Filter>Resource Files\RESOURCE\ROCK</Filter>
    </Media>
    <Media Include="..\..\..\..\Downloads\Free_Bird_-_Lynyrd_Skynyrd3.mp3">
      <Filter>Resource Files\RESOURCE\ROCK</Filter>
    </Media>
    <Media Include="..\..\..\..\Downloads\Good_Vibrations_-_The_Beach_Boys1.mp3">
      <Filter>Resource Files\RESOURCE\ROCK</Filter>
    </Media>
    <Media Include="..\..\..\..\Downloads\Good_Vibrations_-_The_Beach_Boys2.mp3">
      <Filter>Resource Files\RESOURCE\ROCK</Filter>
    </Media>
    <Media Include="..\..\..\..\Downloads\Good_Vibrations_-_The_Beach_Boys3.mp3">
      <Filter>Resource Files\RESOURCE\ROCK</Filter>
    </Media>
    <Media Include="..\..\..\..\Downloads\Irresistible_-_Fall_Out_Boy1.mp3">
      <Filter>Resource Files\RESOURCE\ROCK</Filter>
    </Media>
    <Media Include="..\..\..\..\Downloads\Irresistible_-_Fall_Out_Boy2.mp3">
      <Filter>Resource Files\RESOURCE\ROCK</Filter>
    </Media>
    <Media Include="..\..\..\..\Downloads\Irresistible_-_Fall_Out_Boy3.mp3">
      <Filter>Resource Files\RESOURCE\ROCK</Filter>
    </Media>
    <Media Include="..\..\..\..\Downloads\Livin_On_A_Prayer_-_Bon_Jovi1.mp3">
      <Filter>Resource Files\RESOURCE\ROCK</Filter>
    </Media>
    <Media Include="..\..\..\..\Downloads\Livin_On_A_Prayer_-_Bon_Jovi2.mp3">
      <Filter>Resource Files\RESOURCE\ROCK</Filter>
    </Media>
    <Media Include="..\..\..\..\Downloads\Livin_On_A_Prayer_-_Bon_Jovi3.mp3">
      <Filter>Resource Files\RESOURCE\ROCK</Filter>
    </Media>
    <Media Include="..\..\..\..\Downloads\Lydia_-_Highly_Suspect1.mp3">
      <Filter>Resource Files\RESOURCE\ROCK</Filter>
    </Media>
    <Media Include="..\..\..\..\Downloads\Lydia_-_Highly_Suspect2.mp3">
      <Filter>Resource Files\RESOURCE\ROCK</Filter>
    </Media>
    <Media Include="..\..\..\..\Downloads\Lydia_-_Highly_Suspect3.mp3">
      <Filter>Resource Files\RESOURCE\ROCK</Filter>
    </Media>
    <Media Include="..\..\..\..\Downloads\Never_Gonna_Give_You_Up_-_Rick_Astley1.mp3">
      <Filter>Resource Files\RESOURCE\ROCK</Filter>
    </Media>
    <Media Include="..\..\..\..\Downloads\Radioactive_-_Imagine_Dragons1.mp3">
      <Filter>Resource Files\RESOURCE\ROCK</Filter>
    </Media>
    <Media Include="..\..\..\..\Downloads\Radioactive_-_Imagine_Dragons2.mp3">
      <Filter>Resource Files\RESOURCE\ROCK</Filter>
    </Media>
    <Media Include="..\..\..\..\Downloads\Radioactive_-_Imagine_Dragons3.mp3">
      <Filter>Resource Files\RESOURCE\ROCK</Filter>
    </Media>
    <Media Include="..\..\..\..\Downloads\Ramblin_Man_-_The_Allman_Brothers_Band1.mp3">
      <Filter>Resource Files\RESOURCE\ROCK</Filter>
    </Media>
    <Media Include="..\..\..\..\Downloads\Renegades_-_X_Ambassadors1.mp3">
      <Filter>Resource Files\RESOURCE\ROCK</Filter>
    </Media>
    <Media Include="..\..\..\..\Downloads\Renegades_-_X_Ambassadors2.mp3">
      <Filter>Resource Files\RESOURCE\ROCK</Filter>
    </Media>
    <Media Include="..\..\..\..\Downloads\Renegades_-_X_Ambassadors3.mp3">
      <Filter>Resource Files\RESOURCE\ROCK</Filter>
    </Media>
    <Media Include="..\..\..\..\Downloads\Take_Me_To_Church_-_Hozier1.mp3">
      <Filter>Resource Files\RESOURCE\ROCK</Filter>
    </Media>
    <Media Include="..\..\..\..\Downloads\Take_Me_To_Church_-_Hozier2.mp3">
      <Filter>Resource Files\RESOURCE\ROCK</Filter>
    </Media>
    <Media Include="..\..\..\..\Downloads\Take_Me_To_Church_-_Hozier3.mp3">
      <Filter>Resource Files\RESOURCE\ROCK</Filter>
    </Media>
    <Media Include="..\..\..\..\Downloads\The_Final_Countdown_-_Europe1.mp3">
      <Filter>Resource Files\RESOURCE\ROCK</Filter>
    </Media>
    <Media Include="..\..\..\..\Downloads\The_Final_Countdown_-_Europe2.mp3">
      <Filter>Resource Files\RESOURCE\ROCK</Filter>
    </Media>
    <Media Include="..\..\..\..\Downloads\The_Final_Countdown_-_Europe3.mp3">
      <Filter>Resource Files\RESOURCE\ROCK</Filter>
    </Media>
    <Media Include="..\..\..\..\Downloads\Uma Thurman_-_Fall_Out_Boy1.mp3">
      <Filter>Resource Files\RESOURCE\ROCK</Filter>
    </Media>
    <Media Include="..\..\..\..\Downloads\Uma Thurman_-_Fall_Out_Boy2.mp3">
      <Filter>Resource Files\RESOURCE\ROCK</Filter>
    </Media>
    <Media Include="..\..\..\..\Downloads\Uma Thurman_-_Fall_Out_Boy3.mp3">
      <Filter>Resource Files\RESOURCE\ROCK</Filter>
    </Media>
    <Media Include="..\..\..\..\Downloads\Walk_This_Way_-_Aerosmith1.mp3">
      <Filter>Resource Files\RESOURCE\ROCK</Filter>
    </Media>
    <Media Include="..\..\..\..\Downloads\Walk_This_Way_-_Aerosmith2.mp3">
      <Filter>Resource Files\RESOURCE\ROCK</Filter>
    </Media>
    <Media Include="..\..\..\..\Downloads\Walk_This_Way_-_Aerosmith3.mp3">
      <Filter>Resource Files\RESOURCE\ROCK</Filter>
    </Media>
  </ItemGroup>
  <ItemGroup>
    <ResourceCompile Include="Project11.rc">
      <Filter>Resource Files\RESOURCE</Filter>
    </ResourceCompile>
  </ItemGroup>
</Project>